// !$*UTF8*$!
{
	archiveVersion = 1;
	classes = {
	};
	objectVersion = 46;
	objects = {

/* Begin PBXBuildFile section */
		C3824B9E1EFA50B000534C6A /* AppDelegate.swift in Sources */ = {isa = PBXBuildFile; fileRef = C3824B9D1EFA50B000534C6A /* AppDelegate.swift */; };
		C3824BA01EFA50B000534C6A /* ViewController.swift in Sources */ = {isa = PBXBuildFile; fileRef = C3824B9F1EFA50B000534C6A /* ViewController.swift */; };
		C3824BA21EFA50B000534C6A /* Assets.xcassets in Resources */ = {isa = PBXBuildFile; fileRef = C3824BA11EFA50B000534C6A /* Assets.xcassets */; };
		C3824BA51EFA50B000534C6A /* Main.storyboard in Resources */ = {isa = PBXBuildFile; fileRef = C3824BA31EFA50B000534C6A /* Main.storyboard */; };
		C3824BB01EFA50B000534C6A /* MosconiScorerTests.swift in Sources */ = {isa = PBXBuildFile; fileRef = C3824BAF1EFA50B000534C6A /* MosconiScorerTests.swift */; };
		C3824BBB1EFA50B000534C6A /* MosconiScorerUITests.swift in Sources */ = {isa = PBXBuildFile; fileRef = C3824BBA1EFA50B000534C6A /* MosconiScorerUITests.swift */; };
/* End PBXBuildFile section */

/* Begin PBXContainerItemProxy section */
		C3824BAC1EFA50B000534C6A /* PBXContainerItemProxy */ = {
			isa = PBXContainerItemProxy;
			containerPortal = C3824B921EFA50AF00534C6A /* Project object */;
			proxyType = 1;
			remoteGlobalIDString = C3824B991EFA50AF00534C6A;
			remoteInfo = MosconiScorer;
		};
		C3824BB71EFA50B000534C6A /* PBXContainerItemProxy */ = {
			isa = PBXContainerItemProxy;
			containerPortal = C3824B921EFA50AF00534C6A /* Project object */;
			proxyType = 1;
			remoteGlobalIDString = C3824B991EFA50AF00534C6A;
			remoteInfo = MosconiScorer;
		};
/* End PBXContainerItemProxy section */

/* Begin PBXFileReference section */
		C3824B9A1EFA50B000534C6A /* MosconiScorer.app */ = {isa = PBXFileReference; explicitFileType = wrapper.application; includeInIndex = 0; path = MosconiScorer.app; sourceTree = BUILT_PRODUCTS_DIR; };
		C3824B9D1EFA50B000534C6A /* AppDelegate.swift */ = {isa = PBXFileReference; lastKnownFileType = sourcecode.swift; path = AppDelegate.swift; sourceTree = "<group>"; };
		C3824B9F1EFA50B000534C6A /* ViewController.swift */ = {isa = PBXFileReference; lastKnownFileType = sourcecode.swift; path = ViewController.swift; sourceTree = "<group>"; };
		C3824BA11EFA50B000534C6A /* Assets.xcassets */ = {isa = PBXFileReference; lastKnownFileType = folder.assetcatalog; path = Assets.xcassets; sourceTree = "<group>"; };
		C3824BA41EFA50B000534C6A /* Base */ = {isa = PBXFileReference; lastKnownFileType = file.storyboard; name = Base; path = Base.lproj/Main.storyboard; sourceTree = "<group>"; };
		C3824BA61EFA50B000534C6A /* Info.plist */ = {isa = PBXFileReference; lastKnownFileType = text.plist.xml; path = Info.plist; sourceTree = "<group>"; };
		C3824BAB1EFA50B000534C6A /* MosconiScorerTests.xctest */ = {isa = PBXFileReference; explicitFileType = wrapper.cfbundle; includeInIndex = 0; path = MosconiScorerTests.xctest; sourceTree = BUILT_PRODUCTS_DIR; };
		C3824BAF1EFA50B000534C6A /* MosconiScorerTests.swift */ = {isa = PBXFileReference; lastKnownFileType = sourcecode.swift; path = MosconiScorerTests.swift; sourceTree = "<group>"; };
		C3824BB11EFA50B000534C6A /* Info.plist */ = {isa = PBXFileReference; lastKnownFileType = text.plist.xml; path = Info.plist; sourceTree = "<group>"; };
		C3824BB61EFA50B000534C6A /* MosconiScorerUITests.xctest */ = {isa = PBXFileReference; explicitFileType = wrapper.cfbundle; includeInIndex = 0; path = MosconiScorerUITests.xctest; sourceTree = BUILT_PRODUCTS_DIR; };
		C3824BBA1EFA50B000534C6A /* MosconiScorerUITests.swift */ = {isa = PBXFileReference; lastKnownFileType = sourcecode.swift; path = MosconiScorerUITests.swift; sourceTree = "<group>"; };
		C3824BBC1EFA50B000534C6A /* Info.plist */ = {isa = PBXFileReference; lastKnownFileType = text.plist.xml; path = Info.plist; sourceTree = "<group>"; };
/* End PBXFileReference section */

/* Begin PBXFrameworksBuildPhase section */
		C3824B971EFA50AF00534C6A /* Frameworks */ = {
			isa = PBXFrameworksBuildPhase;
			buildActionMask = 2147483647;
			files = (
			);
			runOnlyForDeploymentPostprocessing = 0;
		};
		C3824BA81EFA50B000534C6A /* Frameworks */ = {
			isa = PBXFrameworksBuildPhase;
			buildActionMask = 2147483647;
			files = (
			);
			runOnlyForDeploymentPostprocessing = 0;
		};
		C3824BB31EFA50B000534C6A /* Frameworks */ = {
			isa = PBXFrameworksBuildPhase;
			buildActionMask = 2147483647;
			files = (
			);
			runOnlyForDeploymentPostprocessing = 0;
		};
/* End PBXFrameworksBuildPhase section */

/* Begin PBXGroup section */
		C3824B911EFA50AF00534C6A = {
			isa = PBXGroup;
			children = (
				C3824B9C1EFA50B000534C6A /* MosconiScorer */,
				C3824BAE1EFA50B000534C6A /* MosconiScorerTests */,
				C3824BB91EFA50B000534C6A /* MosconiScorerUITests */,
				C3824B9B1EFA50B000534C6A /* Products */,
			);
			sourceTree = "<group>";
		};
		C3824B9B1EFA50B000534C6A /* Products */ = {
			isa = PBXGroup;
			children = (
				C3824B9A1EFA50B000534C6A /* MosconiScorer.app */,
				C3824BAB1EFA50B000534C6A /* MosconiScorerTests.xctest */,
				C3824BB61EFA50B000534C6A /* MosconiScorerUITests.xctest */,
			);
			name = Products;
			sourceTree = "<group>";
		};
		C3824B9C1EFA50B000534C6A /* MosconiScorer */ = {
			isa = PBXGroup;
			children = (
				C3824B9D1EFA50B000534C6A /* AppDelegate.swift */,
				C3824B9F1EFA50B000534C6A /* ViewController.swift */,
				C3824BA11EFA50B000534C6A /* Assets.xcassets */,
				C3824BA31EFA50B000534C6A /* Main.storyboard */,
				C3824BA61EFA50B000534C6A /* Info.plist */,
			);
			path = MosconiScorer;
			sourceTree = "<group>";
		};
		C3824BAE1EFA50B000534C6A /* MosconiScorerTests */ = {
			isa = PBXGroup;
			children = (
				C3824BAF1EFA50B000534C6A /* MosconiScorerTests.swift */,
				C3824BB11EFA50B000534C6A /* Info.plist */,
			);
			path = MosconiScorerTests;
			sourceTree = "<group>";
		};
		C3824BB91EFA50B000534C6A /* MosconiScorerUITests */ = {
			isa = PBXGroup;
			children = (
				C3824BBA1EFA50B000534C6A /* MosconiScorerUITests.swift */,
				C3824BBC1EFA50B000534C6A /* Info.plist */,
			);
			path = MosconiScorerUITests;
			sourceTree = "<group>";
		};
/* End PBXGroup section */

/* Begin PBXNativeTarget section */
		C3824B991EFA50AF00534C6A /* MosconiScorer */ = {
			isa = PBXNativeTarget;
			buildConfigurationList = C3824BBF1EFA50B000534C6A /* Build configuration list for PBXNativeTarget "MosconiScorer" */;
			buildPhases = (
				C3824B961EFA50AF00534C6A /* Sources */,
				C3824B971EFA50AF00534C6A /* Frameworks */,
				C3824B981EFA50AF00534C6A /* Resources */,
			);
			buildRules = (
			);
			dependencies = (
			);
			name = MosconiScorer;
			productName = MosconiScorer;
			productReference = C3824B9A1EFA50B000534C6A /* MosconiScorer.app */;
			productType = "com.apple.product-type.application";
		};
		C3824BAA1EFA50B000534C6A /* MosconiScorerTests */ = {
			isa = PBXNativeTarget;
			buildConfigurationList = C3824BC21EFA50B000534C6A /* Build configuration list for PBXNativeTarget "MosconiScorerTests" */;
			buildPhases = (
				C3824BA71EFA50B000534C6A /* Sources */,
				C3824BA81EFA50B000534C6A /* Frameworks */,
				C3824BA91EFA50B000534C6A /* Resources */,
			);
			buildRules = (
			);
			dependencies = (
				C3824BAD1EFA50B000534C6A /* PBXTargetDependency */,
			);
			name = MosconiScorerTests;
			productName = MosconiScorerTests;
			productReference = C3824BAB1EFA50B000534C6A /* MosconiScorerTests.xctest */;
			productType = "com.apple.product-type.bundle.unit-test";
		};
		C3824BB51EFA50B000534C6A /* MosconiScorerUITests */ = {
			isa = PBXNativeTarget;
			buildConfigurationList = C3824BC51EFA50B000534C6A /* Build configuration list for PBXNativeTarget "MosconiScorerUITests" */;
			buildPhases = (
				C3824BB21EFA50B000534C6A /* Sources */,
				C3824BB31EFA50B000534C6A /* Frameworks */,
				C3824BB41EFA50B000534C6A /* Resources */,
			);
			buildRules = (
			);
			dependencies = (
				C3824BB81EFA50B000534C6A /* PBXTargetDependency */,
			);
			name = MosconiScorerUITests;
			productName = MosconiScorerUITests;
			productReference = C3824BB61EFA50B000534C6A /* MosconiScorerUITests.xctest */;
			productType = "com.apple.product-type.bundle.ui-testing";
		};
/* End PBXNativeTarget section */

/* Begin PBXProject section */
		C3824B921EFA50AF00534C6A /* Project object */ = {
			isa = PBXProject;
			attributes = {
				LastSwiftUpdateCheck = 0830;
				LastUpgradeCheck = 0830;
				ORGANIZATIONNAME = Dashpool;
				TargetAttributes = {
					C3824B991EFA50AF00534C6A = {
						CreatedOnToolsVersion = 8.3.3;
						ProvisioningStyle = Automatic;
					};
					C3824BAA1EFA50B000534C6A = {
						CreatedOnToolsVersion = 8.3.3;
						ProvisioningStyle = Automatic;
						TestTargetID = C3824B991EFA50AF00534C6A;
					};
					C3824BB51EFA50B000534C6A = {
						CreatedOnToolsVersion = 8.3.3;
						ProvisioningStyle = Automatic;
						TestTargetID = C3824B991EFA50AF00534C6A;
					};
				};
			};
			buildConfigurationList = C3824B951EFA50AF00534C6A /* Build configuration list for PBXProject "MosconiScorer" */;
			compatibilityVersion = "Xcode 3.2";
			developmentRegion = English;
			hasScannedForEncodings = 0;
			knownRegions = (
				en,
				Base,
			);
			mainGroup = C3824B911EFA50AF00534C6A;
			productRefGroup = C3824B9B1EFA50B000534C6A /* Products */;
			projectDirPath = "";
			projectRoot = "";
			targets = (
				C3824B991EFA50AF00534C6A /* MosconiScorer */,
				C3824BAA1EFA50B000534C6A /* MosconiScorerTests */,
				C3824BB51EFA50B000534C6A /* MosconiScorerUITests */,
			);
		};
/* End PBXProject section */

/* Begin PBXResourcesBuildPhase section */
		C3824B981EFA50AF00534C6A /* Resources */ = {
			isa = PBXResourcesBuildPhase;
			buildActionMask = 2147483647;
			files = (
				C3824BA21EFA50B000534C6A /* Assets.xcassets in Resources */,
				C3824BA51EFA50B000534C6A /* Main.storyboard in Resources */,
			);
			runOnlyForDeploymentPostprocessing = 0;
		};
		C3824BA91EFA50B000534C6A /* Resources */ = {
			isa = PBXResourcesBuildPhase;
			buildActionMask = 2147483647;
			files = (
			);
			runOnlyForDeploymentPostprocessing = 0;
		};
		C3824BB41EFA50B000534C6A /* Resources */ = {
			isa = PBXResourcesBuildPhase;
			buildActionMask = 2147483647;
			files = (
			);
			runOnlyForDeploymentPostprocessing = 0;
		};
/* End PBXResourcesBuildPhase section */

/* Begin PBXSourcesBuildPhase section */
		C3824B961EFA50AF00534C6A /* Sources */ = {
			isa = PBXSourcesBuildPhase;
			buildActionMask = 2147483647;
			files = (
				C3824BA01EFA50B000534C6A /* ViewController.swift in Sources */,
				C3824B9E1EFA50B000534C6A /* AppDelegate.swift in Sources */,
			);
			runOnlyForDeploymentPostprocessing = 0;
		};
		C3824BA71EFA50B000534C6A /* Sources */ = {
			isa = PBXSourcesBuildPhase;
			buildActionMask = 2147483647;
			files = (
				C3824BB01EFA50B000534C6A /* MosconiScorerTests.swift in Sources */,
			);
			runOnlyForDeploymentPostprocessing = 0;
		};
		C3824BB21EFA50B000534C6A /* Sources */ = {
			isa = PBXSourcesBuildPhase;
			buildActionMask = 2147483647;
			files = (
				C3824BBB1EFA50B000534C6A /* MosconiScorerUITests.swift in Sources */,
			);
			runOnlyForDeploymentPostprocessing = 0;
		};
/* End PBXSourcesBuildPhase section */

/* Begin PBXTargetDependency section */
		C3824BAD1EFA50B000534C6A /* PBXTargetDependency */ = {
			isa = PBXTargetDependency;
			target = C3824B991EFA50AF00534C6A /* MosconiScorer */;
			targetProxy = C3824BAC1EFA50B000534C6A /* PBXContainerItemProxy */;
		};
		C3824BB81EFA50B000534C6A /* PBXTargetDependency */ = {
			isa = PBXTargetDependency;
			target = C3824B991EFA50AF00534C6A /* MosconiScorer */;
			targetProxy = C3824BB71EFA50B000534C6A /* PBXContainerItemProxy */;
		};
/* End PBXTargetDependency section */

/* Begin PBXVariantGroup section */
		C3824BA31EFA50B000534C6A /* Main.storyboard */ = {
			isa = PBXVariantGroup;
			children = (
				C3824BA41EFA50B000534C6A /* Base */,
			);
			name = Main.storyboard;
			sourceTree = "<group>";
		};
/* End PBXVariantGroup section */

/* Begin XCBuildConfiguration section */
		C3824BBD1EFA50B000534C6A /* Debug */ = {
			isa = XCBuildConfiguration;
			buildSettings = {
				ALWAYS_SEARCH_USER_PATHS = NO;
				CLANG_ANALYZER_NONNULL = YES;
				CLANG_ANALYZER_NUMBER_OBJECT_CONVERSION = YES_AGGRESSIVE;
				CLANG_CXX_LANGUAGE_STANDARD = "gnu++0x";
				CLANG_CXX_LIBRARY = "libc++";
				CLANG_ENABLE_MODULES = YES;
				CLANG_ENABLE_OBJC_ARC = YES;
				CLANG_WARN_BOOL_CONVERSION = YES;
				CLANG_WARN_CONSTANT_CONVERSION = YES;
				CLANG_WARN_DIRECT_OBJC_ISA_USAGE = YES_ERROR;
				CLANG_WARN_DOCUMENTATION_COMMENTS = YES;
				CLANG_WARN_EMPTY_BODY = YES;
				CLANG_WARN_ENUM_CONVERSION = YES;
				CLANG_WARN_INFINITE_RECURSION = YES;
				CLANG_WARN_INT_CONVERSION = YES;
				CLANG_WARN_OBJC_ROOT_CLASS = YES_ERROR;
				CLANG_WARN_SUSPICIOUS_MOVE = YES;
				CLANG_WARN_UNREACHABLE_CODE = YES;
				CLANG_WARN__DUPLICATE_METHOD_MATCH = YES;
				CODE_SIGN_IDENTITY = "-";
				COPY_PHASE_STRIP = NO;
				DEBUG_INFORMATION_FORMAT = dwarf;
				ENABLE_STRICT_OBJC_MSGSEND = YES;
				ENABLE_TESTABILITY = YES;
				GCC_C_LANGUAGE_STANDARD = gnu99;
				GCC_DYNAMIC_NO_PIC = NO;
				GCC_NO_COMMON_BLOCKS = YES;
				GCC_OPTIMIZATION_LEVEL = 0;
				GCC_PREPROCESSOR_DEFINITIONS = (
					"DEBUG=1",
					"$(inherited)",
				);
				GCC_WARN_64_TO_32_BIT_CONVERSION = YES;
				GCC_WARN_ABOUT_RETURN_TYPE = YES_ERROR;
				GCC_WARN_UNDECLARED_SELECTOR = YES;
				GCC_WARN_UNINITIALIZED_AUTOS = YES_AGGRESSIVE;
				GCC_WARN_UNUSED_FUNCTION = YES;
				GCC_WARN_UNUSED_VARIABLE = YES;
				MACOSX_DEPLOYMENT_TARGET = 10.12;
				MTL_ENABLE_DEBUG_INFO = YES;
				ONLY_ACTIVE_ARCH = YES;
				SDKROOT = macosx;
				SWIFT_ACTIVE_COMPILATION_CONDITIONS = DEBUG;
				SWIFT_OPTIMIZATION_LEVEL = "-Onone";
			};
			name = Debug;
		};
		C3824BBE1EFA50B000534C6A /* Release */ = {
			isa = XCBuildConfiguration;
			buildSettings = {
				ALWAYS_SEARCH_USER_PATHS = NO;
				CLANG_ANALYZER_NONNULL = YES;
				CLANG_ANALYZER_NUMBER_OBJECT_CONVERSION = YES_AGGRESSIVE;
				CLANG_CXX_LANGUAGE_STANDARD = "gnu++0x";
				CLANG_CXX_LIBRARY = "libc++";
				CLANG_ENABLE_MODULES = YES;
				CLANG_ENABLE_OBJC_ARC = YES;
				CLANG_WARN_BOOL_CONVERSION = YES;
				CLANG_WARN_CONSTANT_CONVERSION = YES;
				CLANG_WARN_DIRECT_OBJC_ISA_USAGE = YES_ERROR;
				CLANG_WARN_DOCUMENTATION_COMMENTS = YES;
				CLANG_WARN_EMPTY_BODY = YES;
				CLANG_WARN_ENUM_CONVERSION = YES;
				CLANG_WARN_INFINITE_RECURSION = YES;
				CLANG_WARN_INT_CONVERSION = YES;
				CLANG_WARN_OBJC_ROOT_CLASS = YES_ERROR;
				CLANG_WARN_SUSPICIOUS_MOVE = YES;
				CLANG_WARN_UNREACHABLE_CODE = YES;
				CLANG_WARN__DUPLICATE_METHOD_MATCH = YES;
				CODE_SIGN_IDENTITY = "-";
				COPY_PHASE_STRIP = NO;
				DEBUG_INFORMATION_FORMAT = "dwarf-with-dsym";
				ENABLE_NS_ASSERTIONS = NO;
				ENABLE_STRICT_OBJC_MSGSEND = YES;
				GCC_C_LANGUAGE_STANDARD = gnu99;
				GCC_NO_COMMON_BLOCKS = YES;
				GCC_WARN_64_TO_32_BIT_CONVERSION = YES;
				GCC_WARN_ABOUT_RETURN_TYPE = YES_ERROR;
				GCC_WARN_UNDECLARED_SELECTOR = YES;
				GCC_WARN_UNINITIALIZED_AUTOS = YES_AGGRESSIVE;
				GCC_WARN_UNUSED_FUNCTION = YES;
				GCC_WARN_UNUSED_VARIABLE = YES;
				MACOSX_DEPLOYMENT_TARGET = 10.12;
				MTL_ENABLE_DEBUG_INFO = NO;
				SDKROOT = macosx;
				SWIFT_OPTIMIZATION_LEVEL = "-Owholemodule";
			};
			name = Release;
		};
		C3824BC01EFA50B000534C6A /* Debug */ = {
			isa = XCBuildConfiguration;
			buildSettings = {
				ASSETCATALOG_COMPILER_APPICON_NAME = AppIcon;
				COMBINE_HIDPI_IMAGES = YES;
				INFOPLIST_FILE = MosconiScorer/Info.plist;
				LD_RUNPATH_SEARCH_PATHS = "$(inherited) @executable_path/../Frameworks";
				PRODUCT_BUNDLE_IDENTIFIER = fr.dashpool.MosconiScorer;
				PRODUCT_NAME = "$(TARGET_NAME)";
				SWIFT_VERSION = 3.0;
			};
			name = Debug;
		};
		C3824BC11EFA50B000534C6A /* Release */ = {
			isa = XCBuildConfiguration;
			buildSettings = {
				ASSETCATALOG_COMPILER_APPICON_NAME = AppIcon;
				COMBINE_HIDPI_IMAGES = YES;
				INFOPLIST_FILE = MosconiScorer/Info.plist;
				LD_RUNPATH_SEARCH_PATHS = "$(inherited) @executable_path/../Frameworks";
				PRODUCT_BUNDLE_IDENTIFIER = fr.dashpool.MosconiScorer;
				PRODUCT_NAME = "$(TARGET_NAME)";
				SWIFT_VERSION = 3.0;
			};
			name = Release;
		};
		C3824BC31EFA50B000534C6A /* Debug */ = {
			isa = XCBuildConfiguration;
			buildSettings = {
				ALWAYS_EMBED_SWIFT_STANDARD_LIBRARIES = YES;
				BUNDLE_LOADER = "$(TEST_HOST)";
				COMBINE_HIDPI_IMAGES = YES;
				INFOPLIST_FILE = MosconiScorerTests/Info.plist;
				LD_RUNPATH_SEARCH_PATHS = "$(inherited) @executable_path/../Frameworks @loader_path/../Frameworks";
				PRODUCT_BUNDLE_IDENTIFIER = fr.dashpool.MosconiScorerTests;
				PRODUCT_NAME = "$(TARGET_NAME)";
				SWIFT_VERSION = 3.0;
				TEST_HOST = "$(BUILT_PRODUCTS_DIR)/MosconiScorer.app/Contents/MacOS/MosconiScorer";
			};
			name = Debug;
		};
		C3824BC41EFA50B000534C6A /* Release */ = {
			isa = XCBuildConfiguration;
			buildSettings = {
				ALWAYS_EMBED_SWIFT_STANDARD_LIBRARIES = YES;
				BUNDLE_LOADER = "$(TEST_HOST)";
				COMBINE_HIDPI_IMAGES = YES;
				INFOPLIST_FILE = MosconiScorerTests/Info.plist;
				LD_RUNPATH_SEARCH_PATHS = "$(inherited) @executable_path/../Frameworks @loader_path/../Frameworks";
				PRODUCT_BUNDLE_IDENTIFIER = fr.dashpool.MosconiScorerTests;
				PRODUCT_NAME = "$(TARGET_NAME)";
				SWIFT_VERSION = 3.0;
				TEST_HOST = "$(BUILT_PRODUCTS_DIR)/MosconiScorer.app/Contents/MacOS/MosconiScorer";
			};
			name = Release;
		};
		C3824BC61EFA50B000534C6A /* Debug */ = {
			isa = XCBuildConfiguration;
			buildSettings = {
				ALWAYS_EMBED_SWIFT_STANDARD_LIBRARIES = YES;
				COMBINE_HIDPI_IMAGES = YES;
				INFOPLIST_FILE = MosconiScorerUITests/Info.plist;
				LD_RUNPATH_SEARCH_PATHS = "$(inherited) @executable_path/../Frameworks @loader_path/../Frameworks";
				PRODUCT_BUNDLE_IDENTIFIER = fr.dashpool.MosconiScorerUITests;
				PRODUCT_NAME = "$(TARGET_NAME)";
				SWIFT_VERSION = 3.0;
				TEST_TARGET_NAME = MosconiScorer;
			};
			name = Debug;
		};
		C3824BC71EFA50B000534C6A /* Release */ = {
			isa = XCBuildConfiguration;
			buildSettings = {
				ALWAYS_EMBED_SWIFT_STANDARD_LIBRARIES = YES;
				COMBINE_HIDPI_IMAGES = YES;
				INFOPLIST_FILE = MosconiScorerUITests/Info.plist;
				LD_RUNPATH_SEARCH_PATHS = "$(inherited) @executable_path/../Frameworks @loader_path/../Frameworks";
				PRODUCT_BUNDLE_IDENTIFIER = fr.dashpool.MosconiScorerUITests;
				PRODUCT_NAME = "$(TARGET_NAME)";
				SWIFT_VERSION = 3.0;
				TEST_TARGET_NAME = MosconiScorer;
			};
			name = Release;
		};
/* End XCBuildConfiguration section */

/* Begin XCConfigurationList section */
		C3824B951EFA50AF00534C6A /* Build configuration list for PBXProject "MosconiScorer" */ = {
			isa = XCConfigurationList;
			buildConfigurations = (
				C3824BBD1EFA50B000534C6A /* Debug */,
				C3824BBE1EFA50B000534C6A /* Release */,
			);
			defaultConfigurationIsVisible = 0;
			defaultConfigurationName = Release;
		};
		C3824BBF1EFA50B000534C6A /* Build configuration list for PBXNativeTarget "MosconiScorer" */ = {
			isa = XCConfigurationList;
			buildConfigurations = (
				C3824BC01EFA50B000534C6A /* Debug */,
				C3824BC11EFA50B000534C6A /* Release */,
			);
			defaultConfigurationIsVisible = 0;
		};
		C3824BC21EFA50B000534C6A /* Build configuration list for PBXNativeTarget "MosconiScorerTests" */ = {
			isa = XCConfigurationList;
			buildConfigurations = (
				C3824BC31EFA50B000534C6A /* Debug */,
				C3824BC41EFA50B000534C6A /* Release */,
			);
			defaultConfigurationIsVisible = 0;
		};
		C3824BC51EFA50B000534C6A /* Build configuration list for PBXNativeTarget "MosconiScorerUITests" */ = {
			isa = XCConfigurationList;
			buildConfigurations = (
				C3824BC61EFA50B000534C6A /* Debug */,
				C3824BC71EFA50B000534C6A /* Release */,
			);
			defaultConfigurationIsVisible = 0;
		};
/* End XCConfigurationList section */
	};
	rootObject = C3824B921EFA50AF00534C6A /* Project object */;
}
